
Microsoft Visual Studio Solution File, Format Version 12.00
# Visual Studio Version 16
VisualStudioVersion = 16.0.30804.86
MinimumVisualStudioVersion = 10.0.40219.1
Project("{FAE04EC0-301F-11D3-BF4B-00C04F79EFBC}") = "Peak Finding Algorithm", "Peak Finding Algorithm\Peak Finding Algorithm.csproj", "{4D7F58FC-B08E-42B1-9378-AAA56AFDF44D}"
EndProject
Global
	GlobalSection(SolutionConfigurationPlatforms) = preSolution
		Debug|Any CPU = Debug|Any CPU
		Release|Any CPU = Release|Any CPU
	EndGlobalSection
	GlobalSection(ProjectConfigurationPlatforms) = postSolution
		{4D7F58FC-B08E-42B1-9378-AAA56AFDF44D}.Debug|Any CPU.ActiveCfg = Debug|Any CPU
		{4D7F58FC-B08E-42B1-9378-AAA56AFDF44D}.Debug|Any CPU.Build.0 = Debug|Any CPU
		{4D7F58FC-B08E-42B1-9378-AAA56AFDF44D}.Release|Any CPU.ActiveCfg = Release|Any CPU
		{4D7F58FC-B08E-42B1-9378-AAA56AFDF44D}.Release|Any CPU.Build.0 = Release|Any CPU
	EndGlobalSection
	GlobalSection(SolutionProperties) = preSolution
		HideSolutionNode = FALSE
	EndGlobalSection
	GlobalSection(ExtensibilityGlobals) = postSolution
		SolutionGuid = {D4A8242F-7818-4DF5-9D92-9A848C0F4215}
	EndGlobalSection
EndGlobal
